
Microsoft Visual Studio Solution File, Format Version 12.00
# Visual Studio 15
VisualStudioVersion = 15.0.27130.2027
MinimumVisualStudioVersion = 10.0.40219.1
Project("{FAE04EC0-301F-11D3-BF4B-00C04F79EFBC}") = "Game2", "Game2\Game2.csproj", "{AA109D8E-B73E-4575-A13A-3AE9DD86EDD8}"
EndProject
Global
	GlobalSection(SolutionConfigurationPlatforms) = preSolution
		Debug|Any CPU = Debug|Any CPU
		Release|Any CPU = Release|Any CPU
	EndGlobalSection
	GlobalSection(ProjectConfigurationPlatforms) = postSolution
		{AA109D8E-B73E-4575-A13A-3AE9DD86EDD8}.Debug|Any CPU.ActiveCfg = Debug|Any CPU
		{AA109D8E-B73E-4575-A13A-3AE9DD86EDD8}.Debug|Any CPU.Build.0 = Debug|Any CPU
		{AA109D8E-B73E-4575-A13A-3AE9DD86EDD8}.Release|Any CPU.ActiveCfg = Release|Any CPU
		{AA109D8E-B73E-4575-A13A-3AE9DD86EDD8}.Release|Any CPU.Build.0 = Release|Any CPU
	EndGlobalSection
	GlobalSection(SolutionProperties) = preSolution
		HideSolutionNode = FALSE
	EndGlobalSection
	GlobalSection(ExtensibilityGlobals) = postSolution
		SolutionGuid = {A83D4720-F5DC-4199-B591-4F3061DD4910}
	EndGlobalSection
EndGlobal
